
Microsoft Visual Studio Solution File, Format Version 12.00
# Visual Studio Version 17
VisualStudioVersion = 17.14.36310.24
MinimumVisualStudioVersion = 10.0.40219.1
Project("{8BC9CEB8-8B4A-11D0-8D11-00A0C91BC942}") = "UdemyCarBook", "UdemyCarBook.vcxproj", "{F09074B0-07F4-418A-B8C8-F8FBBB00FB2C}"
EndProject
Project("{2150E333-8FDC-42A3-9474-1A3956D46DE8}") = "Core", "Core", "{02EA681E-C7D8-13C7-8484-4AC65E1B71E8}"
EndProject
Project("{FAE04EC0-301F-11D3-BF4B-00C04F79EFBC}") = "UdemyCarBook.Domain", "..\UdemyCarBook.Domain\UdemyCarBook.Domain.csproj", "{B3791222-D5E2-4A48-B17B-333AF9C703E2}"
EndProject
Project("{2150E333-8FDC-42A3-9474-1A3956D46DE8}") = "Infrastructure", "Infrastructure", "{4515AE9A-7E92-4788-AA08-5526758985C8}"
EndProject
Project("{FAE04EC0-301F-11D3-BF4B-00C04F79EFBC}") = "UdemyCarBook.Persistence", "Infrastructure\UdemyCarBook.Persistence\UdemyCarBook.Persistence.csproj", "{F2E79D0A-2C73-4678-BF2F-DB79E08F0A43}"
EndProject
Project("{2150E333-8FDC-42A3-9474-1A3956D46DE8}") = "Presentation", "Presentation", "{892AD41F-6B05-4289-86A2-F69882ED63CC}"
EndProject
Project("{FAE04EC0-301F-11D3-BF4B-00C04F79EFBC}") = "UdemyCarBook.WebApi", "Presentation\UdemyCarBook.WebApi\UdemyCarBook.WebApi.csproj", "{C55391B2-AC1A-4D66-8669-6A27AE79B3E7}"
EndProject
Project("{FAE04EC0-301F-11D3-BF4B-00C04F79EFBC}") = "UdemyCarBook.Application", "Core\UdemyCarBook.Application\UdemyCarBook.Application.csproj", "{9418ECA6-FE8D-4B4F-A1E1-C437AB95F40E}"
EndProject
Project("{2150E333-8FDC-42A3-9474-1A3956D46DE8}") = "Frontends", "Frontends", "{FF99B43E-E6C6-46B8-B4E9-A410FA5BAFCF}"
EndProject
Project("{FAE04EC0-301F-11D3-BF4B-00C04F79EFBC}") = "UdemyCarBook.WebUI", "Frontends\UdemyCarBook.WebUI\UdemyCarBook.WebUI.csproj", "{2FF14B0E-3A60-4E4A-A24F-3FE564094A76}"
EndProject
Project("{FAE04EC0-301F-11D3-BF4B-00C04F79EFBC}") = "UdemyCarBook.Dto", "Frontends\UdemyCarBook.Dto\UdemyCarBook.Dto.csproj", "{248E8653-3EE0-4D9C-BD04-E703D35528D0}"
EndProject
Global
	GlobalSection(SolutionConfigurationPlatforms) = preSolution
		Debug|Any CPU = Debug|Any CPU
		Debug|x64 = Debug|x64
		Debug|x86 = Debug|x86
		Release|Any CPU = Release|Any CPU
		Release|x64 = Release|x64
		Release|x86 = Release|x86
	EndGlobalSection
	GlobalSection(ProjectConfigurationPlatforms) = postSolution
		{F09074B0-07F4-418A-B8C8-F8FBBB00FB2C}.Debug|Any CPU.ActiveCfg = Debug|x64
		{F09074B0-07F4-418A-B8C8-F8FBBB00FB2C}.Debug|Any CPU.Build.0 = Debug|x64
		{F09074B0-07F4-418A-B8C8-F8FBBB00FB2C}.Debug|x64.ActiveCfg = Debug|x64
		{F09074B0-07F4-418A-B8C8-F8FBBB00FB2C}.Debug|x64.Build.0 = Debug|x64
		{F09074B0-07F4-418A-B8C8-F8FBBB00FB2C}.Debug|x86.ActiveCfg = Debug|Win32
		{F09074B0-07F4-418A-B8C8-F8FBBB00FB2C}.Debug|x86.Build.0 = Debug|Win32
		{F09074B0-07F4-418A-B8C8-F8FBBB00FB2C}.Release|Any CPU.ActiveCfg = Release|x64
		{F09074B0-07F4-418A-B8C8-F8FBBB00FB2C}.Release|Any CPU.Build.0 = Release|x64
		{F09074B0-07F4-418A-B8C8-F8FBBB00FB2C}.Release|x64.ActiveCfg = Release|x64
		{F09074B0-07F4-418A-B8C8-F8FBBB00FB2C}.Release|x64.Build.0 = Release|x64
		{F09074B0-07F4-418A-B8C8-F8FBBB00FB2C}.Release|x86.ActiveCfg = Release|Win32
		{F09074B0-07F4-418A-B8C8-F8FBBB00FB2C}.Release|x86.Build.0 = Release|Win32
		{B3791222-D5E2-4A48-B17B-333AF9C703E2}.Debug|Any CPU.ActiveCfg = Debug|Any CPU
		{B3791222-D5E2-4A48-B17B-333AF9C703E2}.Debug|Any CPU.Build.0 = Debug|Any CPU
		{B3791222-D5E2-4A48-B17B-333AF9C703E2}.Debug|x64.ActiveCfg = Debug|Any CPU
		{B3791222-D5E2-4A48-B17B-333AF9C703E2}.Debug|x64.Build.0 = Debug|Any CPU
		{B3791222-D5E2-4A48-B17B-333AF9C703E2}.Debug|x86.ActiveCfg = Debug|Any CPU
		{B3791222-D5E2-4A48-B17B-333AF9C703E2}.Debug|x86.Build.0 = Debug|Any CPU
		{B3791222-D5E2-4A48-B17B-333AF9C703E2}.Release|Any CPU.ActiveCfg = Release|Any CPU
		{B3791222-D5E2-4A48-B17B-333AF9C703E2}.Release|Any CPU.Build.0 = Release|Any CPU
		{B3791222-D5E2-4A48-B17B-333AF9C703E2}.Release|x64.ActiveCfg = Release|Any CPU
		{B3791222-D5E2-4A48-B17B-333AF9C703E2}.Release|x64.Build.0 = Release|Any CPU
		{B3791222-D5E2-4A48-B17B-333AF9C703E2}.Release|x86.ActiveCfg = Release|Any CPU
		{B3791222-D5E2-4A48-B17B-333AF9C703E2}.Release|x86.Build.0 = Release|Any CPU
		{F2E79D0A-2C73-4678-BF2F-DB79E08F0A43}.Debug|Any CPU.ActiveCfg = Debug|Any CPU
		{F2E79D0A-2C73-4678-BF2F-DB79E08F0A43}.Debug|Any CPU.Build.0 = Debug|Any CPU
		{F2E79D0A-2C73-4678-BF2F-DB79E08F0A43}.Debug|x64.ActiveCfg = Debug|Any CPU
		{F2E79D0A-2C73-4678-BF2F-DB79E08F0A43}.Debug|x64.Build.0 = Debug|Any CPU
		{F2E79D0A-2C73-4678-BF2F-DB79E08F0A43}.Debug|x86.ActiveCfg = Debug|Any CPU
		{F2E79D0A-2C73-4678-BF2F-DB79E08F0A43}.Debug|x86.Build.0 = Debug|Any CPU
		{F2E79D0A-2C73-4678-BF2F-DB79E08F0A43}.Release|Any CPU.ActiveCfg = Release|Any CPU
		{F2E79D0A-2C73-4678-BF2F-DB79E08F0A43}.Release|Any CPU.Build.0 = Release|Any CPU
		{F2E79D0A-2C73-4678-BF2F-DB79E08F0A43}.Release|x64.ActiveCfg = Release|Any CPU
		{F2E79D0A-2C73-4678-BF2F-DB79E08F0A43}.Release|x64.Build.0 = Release|Any CPU
		{F2E79D0A-2C73-4678-BF2F-DB79E08F0A43}.Release|x86.ActiveCfg = Release|Any CPU
		{F2E79D0A-2C73-4678-BF2F-DB79E08F0A43}.Release|x86.Build.0 = Release|Any CPU
		{C55391B2-AC1A-4D66-8669-6A27AE79B3E7}.Debug|Any CPU.ActiveCfg = Debug|Any CPU
		{C55391B2-AC1A-4D66-8669-6A27AE79B3E7}.Debug|Any CPU.Build.0 = Debug|Any CPU
		{C55391B2-AC1A-4D66-8669-6A27AE79B3E7}.Debug|x64.ActiveCfg = Debug|Any CPU
		{C55391B2-AC1A-4D66-8669-6A27AE79B3E7}.Debug|x64.Build.0 = Debug|Any CPU
		{C55391B2-AC1A-4D66-8669-6A27AE79B3E7}.Debug|x86.ActiveCfg = Debug|Any CPU
		{C55391B2-AC1A-4D66-8669-6A27AE79B3E7}.Debug|x86.Build.0 = Debug|Any CPU
		{C55391B2-AC1A-4D66-8669-6A27AE79B3E7}.Release|Any CPU.ActiveCfg = Release|Any CPU
		{C55391B2-AC1A-4D66-8669-6A27AE79B3E7}.Release|Any CPU.Build.0 = Release|Any CPU
		{C55391B2-AC1A-4D66-8669-6A27AE79B3E7}.Release|x64.ActiveCfg = Release|Any CPU
		{C55391B2-AC1A-4D66-8669-6A27AE79B3E7}.Release|x64.Build.0 = Release|Any CPU
		{C55391B2-AC1A-4D66-8669-6A27AE79B3E7}.Release|x86.ActiveCfg = Release|Any CPU
		{C55391B2-AC1A-4D66-8669-6A27AE79B3E7}.Release|x86.Build.0 = Release|Any CPU
		{9418ECA6-FE8D-4B4F-A1E1-C437AB95F40E}.Debug|Any CPU.ActiveCfg = Debug|Any CPU
		{9418ECA6-FE8D-4B4F-A1E1-C437AB95F40E}.Debug|Any CPU.Build.0 = Debug|Any CPU
		{9418ECA6-FE8D-4B4F-A1E1-C437AB95F40E}.Debug|x64.ActiveCfg = Debug|Any CPU
		{9418ECA6-FE8D-4B4F-A1E1-C437AB95F40E}.Debug|x64.Build.0 = Debug|Any CPU
		{9418ECA6-FE8D-4B4F-A1E1-C437AB95F40E}.Debug|x86.ActiveCfg = Debug|Any CPU
		{9418ECA6-FE8D-4B4F-A1E1-C437AB95F40E}.Debug|x86.Build.0 = Debug|Any CPU
		{9418ECA6-FE8D-4B4F-A1E1-C437AB95F40E}.Release|Any CPU.ActiveCfg = Release|Any CPU
		{9418ECA6-FE8D-4B4F-A1E1-C437AB95F40E}.Release|Any CPU.Build.0 = Release|Any CPU
		{9418ECA6-FE8D-4B4F-A1E1-C437AB95F40E}.Release|x64.ActiveCfg = Release|Any CPU
		{9418ECA6-FE8D-4B4F-A1E1-C437AB95F40E}.Release|x64.Build.0 = Release|Any CPU
		{9418ECA6-FE8D-4B4F-A1E1-C437AB95F40E}.Release|x86.ActiveCfg = Release|Any CPU
		{9418ECA6-FE8D-4B4F-A1E1-C437AB95F40E}.Release|x86.Build.0 = Release|Any CPU
		{2FF14B0E-3A60-4E4A-A24F-3FE564094A76}.Debug|Any CPU.ActiveCfg = Debug|Any CPU
		{2FF14B0E-3A60-4E4A-A24F-3FE564094A76}.Debug|Any CPU.Build.0 = Debug|Any CPU
		{2FF14B0E-3A60-4E4A-A24F-3FE564094A76}.Debug|x64.ActiveCfg = Debug|Any CPU
		{2FF14B0E-3A60-4E4A-A24F-3FE564094A76}.Debug|x64.Build.0 = Debug|Any CPU
		{2FF14B0E-3A60-4E4A-A24F-3FE564094A76}.Debug|x86.ActiveCfg = Debug|Any CPU
		{2FF14B0E-3A60-4E4A-A24F-3FE564094A76}.Debug|x86.Build.0 = Debug|Any CPU
		{2FF14B0E-3A60-4E4A-A24F-3FE564094A76}.Release|Any CPU.ActiveCfg = Release|Any CPU
		{2FF14B0E-3A60-4E4A-A24F-3FE564094A76}.Release|Any CPU.Build.0 = Release|Any CPU
		{2FF14B0E-3A60-4E4A-A24F-3FE564094A76}.Release|x64.ActiveCfg = Release|Any CPU
		{2FF14B0E-3A60-4E4A-A24F-3FE564094A76}.Release|x64.Build.0 = Release|Any CPU
		{2FF14B0E-3A60-4E4A-A24F-3FE564094A76}.Release|x86.ActiveCfg = Release|Any CPU
		{2FF14B0E-3A60-4E4A-A24F-3FE564094A76}.Release|x86.Build.0 = Release|Any CPU
		{248E8653-3EE0-4D9C-BD04-E703D35528D0}.Debug|Any CPU.ActiveCfg = Debug|Any CPU
		{248E8653-3EE0-4D9C-BD04-E703D35528D0}.Debug|Any CPU.Build.0 = Debug|Any CPU
		{248E8653-3EE0-4D9C-BD04-E703D35528D0}.Debug|x64.ActiveCfg = Debug|Any CPU
		{248E8653-3EE0-4D9C-BD04-E703D35528D0}.Debug|x64.Build.0 = Debug|Any CPU
		{248E8653-3EE0-4D9C-BD04-E703D35528D0}.Debug|x86.ActiveCfg = Debug|Any CPU
		{248E8653-3EE0-4D9C-BD04-E703D35528D0}.Debug|x86.Build.0 = Debug|Any CPU
		{248E8653-3EE0-4D9C-BD04-E703D35528D0}.Release|Any CPU.ActiveCfg = Release|Any CPU
		{248E8653-3EE0-4D9C-BD04-E703D35528D0}.Release|Any CPU.Build.0 = Release|Any CPU
		{248E8653-3EE0-4D9C-BD04-E703D35528D0}.Release|x64.ActiveCfg = Release|Any CPU
		{248E8653-3EE0-4D9C-BD04-E703D35528D0}.Release|x64.Build.0 = Release|Any CPU
		{248E8653-3EE0-4D9C-BD04-E703D35528D0}.Release|x86.ActiveCfg = Release|Any CPU
		{248E8653-3EE0-4D9C-BD04-E703D35528D0}.Release|x86.Build.0 = Release|Any CPU
	EndGlobalSection
	GlobalSection(SolutionProperties) = preSolution
		HideSolutionNode = FALSE
	EndGlobalSection
	GlobalSection(NestedProjects) = preSolution
		{B3791222-D5E2-4A48-B17B-333AF9C703E2} = {02EA681E-C7D8-13C7-8484-4AC65E1B71E8}
		{F2E79D0A-2C73-4678-BF2F-DB79E08F0A43} = {4515AE9A-7E92-4788-AA08-5526758985C8}
		{C55391B2-AC1A-4D66-8669-6A27AE79B3E7} = {892AD41F-6B05-4289-86A2-F69882ED63CC}
		{9418ECA6-FE8D-4B4F-A1E1-C437AB95F40E} = {02EA681E-C7D8-13C7-8484-4AC65E1B71E8}
		{2FF14B0E-3A60-4E4A-A24F-3FE564094A76} = {FF99B43E-E6C6-46B8-B4E9-A410FA5BAFCF}
		{248E8653-3EE0-4D9C-BD04-E703D35528D0} = {FF99B43E-E6C6-46B8-B4E9-A410FA5BAFCF}
	EndGlobalSection
	GlobalSection(ExtensibilityGlobals) = postSolution
		SolutionGuid = {7C301EDB-B1BA-4073-9753-9B5300C5F327}
	EndGlobalSection
EndGlobal
